// !$*UTF8*$!
{
	archiveVersion = 1;
	classes = {
	};
	objectVersion = 71;
	objects = {

/* Begin PBXBuildFile section */
		A1B2C3D4E5F6000000000041 /* E2ETestBase.swift in Sources */ = {isa = PBXBuildFile; fileRef = A1B2C3D4E5F6000000000043 /* E2ETestBase.swift */; };
		A1B2C3D4E5F6000000000042 /* NavigationUITests.swift in Sources */ = {isa = PBXBuildFile; fileRef = A1B2C3D4E5F6000000000044 /* NavigationUITests.swift */; };
		A1B2C3D4E5F6000000000046 /* WorkoutFlowUITests.swift in Sources */ = {isa = PBXBuildFile; fileRef = A1B2C3D4E5F6000000000047 /* WorkoutFlowUITests.swift */; };
		A1B2C3D4E5F6000000000049 /* RoutinesImportSettingsUITests.swift in Sources */ = {isa = PBXBuildFile; fileRef = A1B2C3D4E5F600000000004A /* RoutinesImportSettingsUITests.swift */; };
/* End PBXBuildFile section */

/* Begin PBXContainerItemProxy section */
		A1B2C3D4E5F6000000000026 /* PBXContainerItemProxy */ = {
			isa = PBXContainerItemProxy;
			containerPortal = A1B2C3D4E5F6000000000010 /* Project object */;
			proxyType = 1;
			remoteGlobalIDString = A1B2C3D4E5F6000000000005;
			remoteInfo = PersonalStrengthCoach;
		};
/* End PBXContainerItemProxy section */

/* Begin PBXFileReference section */
		A1B2C3D4E5F6000000000001 /* PersonalStrengthCoach.app */ = {isa = PBXFileReference; explicitFileType = wrapper.application; path = PersonalStrengthCoach.app; sourceTree = BUILT_PRODUCTS_DIR; };
		A1B2C3D4E5F6000000000017 /* PersonalStrengthCoachTests.xctest */ = {isa = PBXFileReference; explicitFileType = wrapper.cfbundle; path = PersonalStrengthCoachTests.xctest; sourceTree = BUILT_PRODUCTS_DIR; };
		A1B2C3D4E5F6000000000031 /* PersonalStrengthCoachUITests.xctest */ = {isa = PBXFileReference; explicitFileType = wrapper.cfbundle; path = PersonalStrengthCoachUITests.xctest; sourceTree = BUILT_PRODUCTS_DIR; };
		A1B2C3D4E5F6000000000043 /* E2ETestBase.swift */ = {isa = PBXFileReference; lastKnownFileType = sourcecode.swift; path = E2ETestBase.swift; sourceTree = "<group>"; };
		A1B2C3D4E5F6000000000044 /* NavigationUITests.swift */ = {isa = PBXFileReference; lastKnownFileType = sourcecode.swift; path = NavigationUITests.swift; sourceTree = "<group>"; };
		A1B2C3D4E5F6000000000047 /* WorkoutFlowUITests.swift */ = {isa = PBXFileReference; lastKnownFileType = sourcecode.swift; path = WorkoutFlowUITests.swift; sourceTree = "<group>"; };
		A1B2C3D4E5F600000000004A /* RoutinesImportSettingsUITests.swift */ = {isa = PBXFileReference; lastKnownFileType = sourcecode.swift; path = RoutinesImportSettingsUITests.swift; sourceTree = "<group>"; };
/* End PBXFileReference section */

/* Begin PBXFileSystemSynchronizedBuildFileExceptionSet section */
		A1B2C3D4E5F6000000000016 /* PBXFileSystemSynchronizedBuildFileExceptionSet */ = {
			isa = PBXFileSystemSynchronizedBuildFileExceptionSet;
			membershipExceptions = (
				Info.plist,
			);
			target = A1B2C3D4E5F6000000000005 /* PersonalStrengthCoach */;
		};
/* End PBXFileSystemSynchronizedBuildFileExceptionSet section */

/* Begin PBXFileSystemSynchronizedRootGroup section */
		A1B2C3D4E5F6000000000002 /* PersonalStrengthCoach */ = {isa = PBXFileSystemSynchronizedRootGroup; exceptions = (A1B2C3D4E5F6000000000016 /* PBXFileSystemSynchronizedBuildFileExceptionSet */, ); explicitFileTypes = {}; explicitFolders = (); path = PersonalStrengthCoach; sourceTree = "<group>"; };
		A1B2C3D4E5F6000000000018 /* PersonalStrengthCoachTests */ = {isa = PBXFileSystemSynchronizedRootGroup; explicitFileTypes = {}; explicitFolders = (); path = PersonalStrengthCoachTests; sourceTree = "<group>"; };
		A1B2C3D4E5F6000000000032 /* PersonalStrengthCoachUITests */ = {isa = PBXFileSystemSynchronizedRootGroup; explicitFileTypes = {}; explicitFolders = (); path = PersonalStrengthCoachUITests; sourceTree = "<group>"; };
/* End PBXFileSystemSynchronizedRootGroup section */

/* Begin PBXFrameworksBuildPhase section */
		A1B2C3D4E5F6000000000008 /* Frameworks */ = {
			isa = PBXFrameworksBuildPhase;
			buildActionMask = 2147483647;
			files = (
			);
			runOnlyForDeploymentPostprocessing = 0;
		};
		A1B2C3D4E5F6000000000022 /* Frameworks */ = {
			isa = PBXFrameworksBuildPhase;
			buildActionMask = 2147483647;
			files = (
			);
			runOnlyForDeploymentPostprocessing = 0;
		};
		A1B2C3D4E5F6000000000033 /* Frameworks */ = {
			isa = PBXFrameworksBuildPhase;
			buildActionMask = 2147483647;
			files = (
			);
			runOnlyForDeploymentPostprocessing = 0;
		};
/* End PBXFrameworksBuildPhase section */

/* Begin PBXGroup section */
		A1B2C3D4E5F6000000000003 = {
			isa = PBXGroup;
			children = (
				A1B2C3D4E5F6000000000002 /* PersonalStrengthCoach */,
				A1B2C3D4E5F6000000000018 /* PersonalStrengthCoachTests */,
				A1B2C3D4E5F6000000000032 /* PersonalStrengthCoachUITests */,
				A1B2C3D4E5F6000000000045 /* PersonalStrengthCoachUITests */,
				A1B2C3D4E5F6000000000004 /* Products */,
			);
			sourceTree = "<group>";
		};
		A1B2C3D4E5F6000000000004 /* Products */ = {
			isa = PBXGroup;
			children = (
				A1B2C3D4E5F6000000000001 /* PersonalStrengthCoach.app */,
				A1B2C3D4E5F6000000000017 /* PersonalStrengthCoachTests.xctest */,
				A1B2C3D4E5F6000000000031 /* PersonalStrengthCoachUITests.xctest */,
			);
			name = Products;
			sourceTree = "<group>";
		};
		A1B2C3D4E5F6000000000045 /* PersonalStrengthCoachUITests */ = {
			isa = PBXGroup;
			children = (
				A1B2C3D4E5F6000000000043 /* E2ETestBase.swift */,
				A1B2C3D4E5F6000000000044 /* NavigationUITests.swift */,
				A1B2C3D4E5F6000000000047 /* WorkoutFlowUITests.swift */,
				A1B2C3D4E5F600000000004A /* RoutinesImportSettingsUITests.swift */,
			);
			path = PersonalStrengthCoachUITests;
			sourceTree = "<group>";
		};
/* End PBXGroup section */

/* Begin PBXNativeTarget section */
		A1B2C3D4E5F6000000000005 /* PersonalStrengthCoach */ = {
			isa = PBXNativeTarget;
			buildConfigurationList = A1B2C3D4E5F6000000000006 /* Build configuration list for PBXNativeTarget "PersonalStrengthCoach" */;
			buildPhases = (
				A1B2C3D4E5F6000000000007 /* Sources */,
				A1B2C3D4E5F6000000000008 /* Frameworks */,
				A1B2C3D4E5F6000000000009 /* Resources */,
			);
			buildRules = (
			);
			dependencies = (
			);
			fileSystemSynchronizedGroups = (
				A1B2C3D4E5F6000000000002 /* PersonalStrengthCoach */,
			);
			name = PersonalStrengthCoach;
			productName = PersonalStrengthCoach;
			productReference = A1B2C3D4E5F6000000000001 /* PersonalStrengthCoach.app */;
			productType = "com.apple.product-type.application";
		};
		A1B2C3D4E5F6000000000019 /* PersonalStrengthCoachTests */ = {
			isa = PBXNativeTarget;
			buildConfigurationList = A1B2C3D4E5F6000000000020 /* Build configuration list for PBXNativeTarget "PersonalStrengthCoachTests" */;
			buildPhases = (
				A1B2C3D4E5F6000000000021 /* Sources */,
				A1B2C3D4E5F6000000000022 /* Frameworks */,
				A1B2C3D4E5F6000000000023 /* Resources */,
			);
			buildRules = (
			);
			dependencies = (
				A1B2C3D4E5F6000000000027 /* PBXTargetDependency */,
			);
			fileSystemSynchronizedGroups = (
				A1B2C3D4E5F6000000000018 /* PersonalStrengthCoachTests */,
			);
			name = PersonalStrengthCoachTests;
			productName = PersonalStrengthCoachTests;
			productReference = A1B2C3D4E5F6000000000017 /* PersonalStrengthCoachTests.xctest */;
			productType = "com.apple.product-type.bundle.unit-test";
		};
		A1B2C3D4E5F6000000000034 /* PersonalStrengthCoachUITests */ = {
			isa = PBXNativeTarget;
			buildConfigurationList = A1B2C3D4E5F600000000003A /* Build configuration list for PBXNativeTarget "PersonalStrengthCoachUITests" */;
			buildPhases = (
				A1B2C3D4E5F6000000000035 /* Sources */,
				A1B2C3D4E5F6000000000033 /* Frameworks */,
				A1B2C3D4E5F6000000000036 /* Resources */,
			);
			buildRules = (
			);
			dependencies = (
				A1B2C3D4E5F6000000000039 /* PBXTargetDependency */,
			);
			name = PersonalStrengthCoachUITests;
			productName = PersonalStrengthCoachUITests;
			productReference = A1B2C3D4E5F6000000000031 /* PersonalStrengthCoachUITests.xctest */;
			productType = "com.apple.product-type.bundle.ui-testing";
		};
/* End PBXNativeTarget section */

/* Begin PBXProject section */
		A1B2C3D4E5F6000000000010 /* Project object */ = {
			isa = PBXProject;
			attributes = {
				BuildIndependentTargetsInParallel = 1;
				LastSwiftUpdateCheck = 1600;
				LastUpgradeCheck = 1600;
				TargetAttributes = {
					A1B2C3D4E5F6000000000005 = {
						CreatedOnToolsVersion = 16.0;
					};
				};
			};
			buildConfigurationList = A1B2C3D4E5F6000000000011 /* Build configuration list for PBXProject "PersonalStrengthCoach" */;
			compatibilityVersion = "Xcode 16.0";
			developmentRegion = en;
			hasScannedForEncodings = 0;
			knownRegions = (
				en,
				Base,
			);
			mainGroup = A1B2C3D4E5F6000000000003;
			minimizedProjectReferenceProxies = 1;
			productRefGroup = A1B2C3D4E5F6000000000004 /* Products */;
			projectDirPath = "";
			projectRoot = "";
			targets = (
				A1B2C3D4E5F6000000000005 /* PersonalStrengthCoach */,
				A1B2C3D4E5F6000000000019 /* PersonalStrengthCoachTests */,
				A1B2C3D4E5F6000000000034 /* PersonalStrengthCoachUITests */,
			);
		};
/* End PBXProject section */

/* Begin PBXResourcesBuildPhase section */
		A1B2C3D4E5F6000000000009 /* Resources */ = {
			isa = PBXResourcesBuildPhase;
			buildActionMask = 2147483647;
			files = (
			);
			runOnlyForDeploymentPostprocessing = 0;
		};
		A1B2C3D4E5F6000000000023 /* Resources */ = {
			isa = PBXResourcesBuildPhase;
			buildActionMask = 2147483647;
			files = (
			);
			runOnlyForDeploymentPostprocessing = 0;
		};
		A1B2C3D4E5F6000000000036 /* Resources */ = {
			isa = PBXResourcesBuildPhase;
			buildActionMask = 2147483647;
			files = (
			);
			runOnlyForDeploymentPostprocessing = 0;
		};
/* End PBXResourcesBuildPhase section */

/* Begin PBXSourcesBuildPhase section */
		A1B2C3D4E5F6000000000007 /* Sources */ = {
			isa = PBXSourcesBuildPhase;
			buildActionMask = 2147483647;
			files = (
			);
			runOnlyForDeploymentPostprocessing = 0;
		};
		A1B2C3D4E5F6000000000021 /* Sources */ = {
			isa = PBXSourcesBuildPhase;
			buildActionMask = 2147483647;
			files = (
			);
			runOnlyForDeploymentPostprocessing = 0;
		};
		A1B2C3D4E5F6000000000035 /* Sources */ = {
			isa = PBXSourcesBuildPhase;
			buildActionMask = 2147483647;
			files = (
				A1B2C3D4E5F6000000000041 /* E2ETestBase.swift in Sources */,
				A1B2C3D4E5F6000000000042 /* NavigationUITests.swift in Sources */,
				A1B2C3D4E5F6000000000046 /* WorkoutFlowUITests.swift in Sources */,
				A1B2C3D4E5F6000000000049 /* RoutinesImportSettingsUITests.swift in Sources */,
			);
			runOnlyForDeploymentPostprocessing = 0;
		};
/* End PBXSourcesBuildPhase section */

/* Begin PBXTargetDependency section */
		A1B2C3D4E5F6000000000027 /* PBXTargetDependency */ = {
			isa = PBXTargetDependency;
			target = A1B2C3D4E5F6000000000005 /* PersonalStrengthCoach */;
			targetProxy = A1B2C3D4E5F6000000000026 /* PBXContainerItemProxy */;
		};
		A1B2C3D4E5F6000000000039 /* PBXTargetDependency */ = {
			isa = PBXTargetDependency;
			target = A1B2C3D4E5F6000000000005 /* PersonalStrengthCoach */;
			targetProxy = A1B2C3D4E5F6000000000026 /* PBXContainerItemProxy */;
		};
/* End PBXTargetDependency section */

/* Begin XCBuildConfiguration section */
		A1B2C3D4E5F6000000000012 /* Debug */ = {
			isa = XCBuildConfiguration;
			buildSettings = {
				CLANG_ENABLE_MODULES = YES;
			};
			name = Debug;
		};
		A1B2C3D4E5F6000000000013 /* Release */ = {
			isa = XCBuildConfiguration;
			buildSettings = {
				CLANG_ENABLE_MODULES = YES;
			};
			name = Release;
		};
		A1B2C3D4E5F6000000000014 /* Debug */ = {
			isa = XCBuildConfiguration;
			buildSettings = {
				ASSETCATALOG_COMPILER_APPICON_NAME = AppIcon;
				CODE_SIGN_ENTITLEMENTS = PersonalStrengthCoach/PersonalStrengthCoach.entitlements;
				CODE_SIGN_STYLE = Automatic;
				CURRENT_PROJECT_VERSION = 1;
				DEVELOPMENT_TEAM = VQF5827785;
				ENABLE_TESTABILITY = YES;
				GENERATE_INFOPLIST_FILE = NO;
				INFOPLIST_FILE = PersonalStrengthCoach/Info.plist;
				IPHONEOS_DEPLOYMENT_TARGET = 18.0;
				MARKETING_VERSION = 1.0;
				PRODUCT_BUNDLE_IDENTIFIER = com.personalstrengthcoach.app;
				PRODUCT_NAME = "$(TARGET_NAME)";
				SDKROOT = iphoneos;
				SUPPORTED_PLATFORMS = "iphoneos iphonesimulator";
				SWIFT_VERSION = 5.0;
				TARGETED_DEVICE_FAMILY = "1,2";
			};
			name = Debug;
		};
		A1B2C3D4E5F6000000000015 /* Release */ = {
			isa = XCBuildConfiguration;
			buildSettings = {
				ASSETCATALOG_COMPILER_APPICON_NAME = AppIcon;
				CODE_SIGN_ENTITLEMENTS = PersonalStrengthCoach/PersonalStrengthCoach.entitlements;
				CODE_SIGN_STYLE = Automatic;
				CURRENT_PROJECT_VERSION = 1;
				DEVELOPMENT_TEAM = VQF5827785;
				GENERATE_INFOPLIST_FILE = NO;
				INFOPLIST_FILE = PersonalStrengthCoach/Info.plist;
				IPHONEOS_DEPLOYMENT_TARGET = 18.0;
				MARKETING_VERSION = 1.0;
				PRODUCT_BUNDLE_IDENTIFIER = com.personalstrengthcoach.app;
				PRODUCT_NAME = "$(TARGET_NAME)";
				SDKROOT = iphoneos;
				SUPPORTED_PLATFORMS = "iphoneos iphonesimulator";
				SWIFT_VERSION = 5.0;
				TARGETED_DEVICE_FAMILY = "1,2";
			};
			name = Release;
		};
		A1B2C3D4E5F6000000000024 /* Debug */ = {
			isa = XCBuildConfiguration;
			buildSettings = {
				BUNDLE_LOADER = "$(TEST_HOST)";
				GENERATE_INFOPLIST_FILE = YES;
				IPHONEOS_DEPLOYMENT_TARGET = 18.0;
				PRODUCT_BUNDLE_IDENTIFIER = com.personalstrengthcoach.tests;
				PRODUCT_NAME = "$(TARGET_NAME)";
				SDKROOT = iphoneos;
				SWIFT_VERSION = 5.0;
				TEST_HOST = "$(BUILT_PRODUCTS_DIR)/PersonalStrengthCoach.app/PersonalStrengthCoach";
			};
			name = Debug;
		};
		A1B2C3D4E5F6000000000025 /* Release */ = {
			isa = XCBuildConfiguration;
			buildSettings = {
				BUNDLE_LOADER = "$(TEST_HOST)";
				GENERATE_INFOPLIST_FILE = YES;
				IPHONEOS_DEPLOYMENT_TARGET = 18.0;
				PRODUCT_BUNDLE_IDENTIFIER = com.personalstrengthcoach.tests;
				PRODUCT_NAME = "$(TARGET_NAME)";
				SDKROOT = iphoneos;
				SWIFT_VERSION = 5.0;
				TEST_HOST = "$(BUILT_PRODUCTS_DIR)/PersonalStrengthCoach.app/PersonalStrengthCoach";
			};
			name = Release;
		};
		A1B2C3D4E5F6000000000037 /* Debug */ = {
			isa = XCBuildConfiguration;
			buildSettings = {
				GENERATE_INFOPLIST_FILE = YES;
				IPHONEOS_DEPLOYMENT_TARGET = 18.0;
				PRODUCT_BUNDLE_IDENTIFIER = com.personalstrengthcoach.uitests;
				PRODUCT_NAME = "$(TARGET_NAME)";
				SDKROOT = iphoneos;
				SUPPORTED_PLATFORMS = "iphoneos iphonesimulator";
				SWIFT_VERSION = 5.0;
				TEST_TARGET_NAME = PersonalStrengthCoach;
			};
			name = Debug;
		};
		A1B2C3D4E5F6000000000038 /* Release */ = {
			isa = XCBuildConfiguration;
			buildSettings = {
				GENERATE_INFOPLIST_FILE = YES;
				IPHONEOS_DEPLOYMENT_TARGET = 18.0;
				PRODUCT_BUNDLE_IDENTIFIER = com.personalstrengthcoach.uitests;
				PRODUCT_NAME = "$(TARGET_NAME)";
				SDKROOT = iphoneos;
				SUPPORTED_PLATFORMS = "iphoneos iphonesimulator";
				SWIFT_VERSION = 5.0;
				TEST_TARGET_NAME = PersonalStrengthCoach;
			};
			name = Release;
		};
/* End XCBuildConfiguration section */

/* Begin XCConfigurationList section */
		A1B2C3D4E5F6000000000006 /* Build configuration list for PBXNativeTarget "PersonalStrengthCoach" */ = {
			isa = XCConfigurationList;
			buildConfigurations = (
				A1B2C3D4E5F6000000000014 /* Debug */,
				A1B2C3D4E5F6000000000015 /* Release */,
			);
			defaultConfigurationIsVisible = 0;
			defaultConfigurationName = Release;
		};
		A1B2C3D4E5F6000000000011 /* Build configuration list for PBXProject "PersonalStrengthCoach" */ = {
			isa = XCConfigurationList;
			buildConfigurations = (
				A1B2C3D4E5F6000000000012 /* Debug */,
				A1B2C3D4E5F6000000000013 /* Release */,
			);
			defaultConfigurationIsVisible = 0;
			defaultConfigurationName = Release;
		};
		A1B2C3D4E5F6000000000020 /* Build configuration list for PBXNativeTarget "PersonalStrengthCoachTests" */ = {
			isa = XCConfigurationList;
			buildConfigurations = (
				A1B2C3D4E5F6000000000024 /* Debug */,
				A1B2C3D4E5F6000000000025 /* Release */,
			);
			defaultConfigurationIsVisible = 0;
			defaultConfigurationName = Release;
		};
		A1B2C3D4E5F600000000003A /* Build configuration list for PBXNativeTarget "PersonalStrengthCoachUITests" */ = {
			isa = XCConfigurationList;
			buildConfigurations = (
				A1B2C3D4E5F6000000000037 /* Debug */,
				A1B2C3D4E5F6000000000038 /* Release */,
			);
			defaultConfigurationIsVisible = 0;
			defaultConfigurationName = Release;
		};
/* End XCConfigurationList section */
	};
	rootObject = A1B2C3D4E5F6000000000010 /* Project object */;
}
